Microsoft Visual Studio Solution File, Format Version 12.00
# Visual Studio Version 17
VisualStudioVersion = 17.5.2.0
MinimumVisualStudioVersion = 10.0.40219.1
Project("{FAE04EC0-301F-11D3-BF4B-00C04F79EFBC}") = "BlocoNotas", "BlocoNotas.csproj", "{66795A54-59DB-BA4E-5125-04E3F9D05BB7}"
EndProject
Global
	GlobalSection(SolutionConfigurationPlatforms) = preSolution
		Debug|Any CPU = Debug|Any CPU
		Release|Any CPU = Release|Any CPU
	EndGlobalSection
	GlobalSection(ProjectConfigurationPlatforms) = postSolution
		{66795A54-59DB-BA4E-5125-04E3F9D05BB7}.Debug|Any CPU.ActiveCfg = Debug|Any CPU
		{66795A54-59DB-BA4E-5125-04E3F9D05BB7}.Debug|Any CPU.Build.0 = Debug|Any CPU
		{66795A54-59DB-BA4E-5125-04E3F9D05BB7}.Release|Any CPU.ActiveCfg = Release|Any CPU
		{66795A54-59DB-BA4E-5125-04E3F9D05BB7}.Release|Any CPU.Build.0 = Release|Any CPU
	EndGlobalSection
	GlobalSection(SolutionProperties) = preSolution
		HideSolutionNode = FALSE
	EndGlobalSection
	GlobalSection(ExtensibilityGlobals) = postSolution
		SolutionGuid = {9B5813FF-C24C-4A6A-867B-6739AA6058CD}
	EndGlobalSection
EndGlobal
